// !$*UTF8*$!
{
	archiveVersion = 1;
	classes = {
	};
	objectVersion = 56;
	objects = {

/* Begin PBXBuildFile section */
		4B48B06C2C2EE53200266B78 /* DiContainer.swift in Sources */ = {isa = PBXBuildFile; fileRef = 4B48B06B2C2EE53200266B78 /* DiContainer.swift */; };
		4B48B06E2C2EE56E00266B78 /* DiModule.swift in Sources */ = {isa = PBXBuildFile; fileRef = 4B48B06D2C2EE56E00266B78 /* DiModule.swift */; };
		4B48B0742C2EE78B00266B78 /* BaseResponse.swift in Sources */ = {isa = PBXBuildFile; fileRef = 4B48B0732C2EE78B00266B78 /* BaseResponse.swift */; };
		4B48B0762C2EE91400266B78 /* MovieDetailsResponse.swift in Sources */ = {isa = PBXBuildFile; fileRef = 4B48B0752C2EE91400266B78 /* MovieDetailsResponse.swift */; };
		4B48B0782C2EEE9800266B78 /* MovieListResponse.swift in Sources */ = {isa = PBXBuildFile; fileRef = 4B48B0772C2EEE9800266B78 /* MovieListResponse.swift */; };
		4B4F8F692C2BED7D007415F5 /* UIView.swift in Sources */ = {isa = PBXBuildFile; fileRef = 4B4F8F682C2BED7D007415F5 /* UIView.swift */; };
		4B4F8F6B2C2BEEDC007415F5 /* MovieListViewController.swift in Sources */ = {isa = PBXBuildFile; fileRef = 4B4F8F6A2C2BEEDC007415F5 /* MovieListViewController.swift */; };
		4B4F8F6D2C2C0EC6007415F5 /* MovieListTableViewCell.swift in Sources */ = {isa = PBXBuildFile; fileRef = 4B4F8F6C2C2C0EC6007415F5 /* MovieListTableViewCell.swift */; };
		4B5BF9B72C254014004370DE /* AppDelegate.swift in Sources */ = {isa = PBXBuildFile; fileRef = 4B5BF9B62C254014004370DE /* AppDelegate.swift */; };
		4B5BF9B92C254014004370DE /* SceneDelegate.swift in Sources */ = {isa = PBXBuildFile; fileRef = 4B5BF9B82C254014004370DE /* SceneDelegate.swift */; };
		4B5BF9C02C254015004370DE /* Assets.xcassets in Resources */ = {isa = PBXBuildFile; fileRef = 4B5BF9BF2C254015004370DE /* Assets.xcassets */; };
		4B5BF9C32C254015004370DE /* Base in Resources */ = {isa = PBXBuildFile; fileRef = 4B5BF9C22C254015004370DE /* Base */; };
		4B5BF9CF2C2582FA004370DE /* GoogleService-Info.plist in Resources */ = {isa = PBXBuildFile; fileRef = 4B5BF9CE2C2582FA004370DE /* GoogleService-Info.plist */; };
		4B5BF9D22C258455004370DE /* FirebaseAnalytics in Frameworks */ = {isa = PBXBuildFile; productRef = 4B5BF9D12C258455004370DE /* FirebaseAnalytics */; };
		4B5BF9D42C258455004370DE /* FirebaseAnalyticsSwift in Frameworks */ = {isa = PBXBuildFile; productRef = 4B5BF9D32C258455004370DE /* FirebaseAnalyticsSwift */; };
		4B5BF9D72C258843004370DE /* User.swift in Sources */ = {isa = PBXBuildFile; fileRef = 4B5BF9D62C258843004370DE /* User.swift */; };
		4B5BF9DB2C258937004370DE /* Cast.swift in Sources */ = {isa = PBXBuildFile; fileRef = 4B5BF9DA2C258937004370DE /* Cast.swift */; };
		4B5BF9DE2C2595D6004370DE /* FirebaseAuth in Frameworks */ = {isa = PBXBuildFile; productRef = 4B5BF9DD2C2595D6004370DE /* FirebaseAuth */; };
		4B5BF9E02C2595E6004370DE /* FirebaseFirestore in Frameworks */ = {isa = PBXBuildFile; productRef = 4B5BF9DF2C2595E6004370DE /* FirebaseFirestore */; };
		4B69D7E42C2A90D40009D357 /* MoviePosterView.swift in Sources */ = {isa = PBXBuildFile; fileRef = 4B69D7E32C2A90D40009D357 /* MoviePosterView.swift */; };
		4B69D7E62C2A9B6C0009D357 /* TopMovieViewController.swift in Sources */ = {isa = PBXBuildFile; fileRef = 4B69D7E52C2A9B6C0009D357 /* TopMovieViewController.swift */; };
		4B893F1C2C294000004720C4 /* CustomTextField.swift in Sources */ = {isa = PBXBuildFile; fileRef = 4B893F1B2C294000004720C4 /* CustomTextField.swift */; };
		4B893F1E2C29409D004720C4 /* CustomButton.swift in Sources */ = {isa = PBXBuildFile; fileRef = 4B893F1D2C29409D004720C4 /* CustomButton.swift */; };
		4B893F232C294436004720C4 /* LoginViewController.swift in Sources */ = {isa = PBXBuildFile; fileRef = 4B893F222C294436004720C4 /* LoginViewController.swift */; };
		4B893F252C294748004720C4 /* HeaderView.swift in Sources */ = {isa = PBXBuildFile; fileRef = 4B893F242C294748004720C4 /* HeaderView.swift */; };
		4B893F272C29675E004720C4 /* RegisterViewController.swift in Sources */ = {isa = PBXBuildFile; fileRef = 4B893F262C29675E004720C4 /* RegisterViewController.swift */; };
		4B893F292C296CD7004720C4 /* HomeViewController.swift in Sources */ = {isa = PBXBuildFile; fileRef = 4B893F282C296CD7004720C4 /* HomeViewController.swift */; };
		4B893F2C2C2976FD004720C4 /* AlertManager.swift in Sources */ = {isa = PBXBuildFile; fileRef = 4B893F2B2C2976FD004720C4 /* AlertManager.swift */; };
		4B893F2E2C297F93004720C4 /* AuthenticationManager.swift in Sources */ = {isa = PBXBuildFile; fileRef = 4B893F2D2C297F93004720C4 /* AuthenticationManager.swift */; };
		4BAACE102C2D5E4300832C34 /* PaddedLabel.swift in Sources */ = {isa = PBXBuildFile; fileRef = 4BAACE0F2C2D5E4300832C34 /* PaddedLabel.swift */; };
		4BAACE142C2D604700832C34 /* UIColor.swift in Sources */ = {isa = PBXBuildFile; fileRef = 4BAACE132C2D604700832C34 /* UIColor.swift */; };
		4BAACE162C2D9D9B00832C34 /* MovieDetailsViewController.swift in Sources */ = {isa = PBXBuildFile; fileRef = 4BAACE152C2D9D9B00832C34 /* MovieDetailsViewController.swift */; };
		4BB0C96C2C298A7900DAF725 /* FirebaseFirestoreSwift in Frameworks */ = {isa = PBXBuildFile; productRef = 4BB0C96B2C298A7900DAF725 /* FirebaseFirestoreSwift */; };
/* End PBXBuildFile section */

/* Begin PBXFileReference section */
		4B48B06B2C2EE53200266B78 /* DiContainer.swift */ = {isa = PBXFileReference; lastKnownFileType = sourcecode.swift; path = DiContainer.swift; sourceTree = "<group>"; };
		4B48B06D2C2EE56E00266B78 /* DiModule.swift */ = {isa = PBXFileReference; lastKnownFileType = sourcecode.swift; path = DiModule.swift; sourceTree = "<group>"; };
		4B48B0732C2EE78B00266B78 /* BaseResponse.swift */ = {isa = PBXFileReference; lastKnownFileType = sourcecode.swift; path = BaseResponse.swift; sourceTree = "<group>"; };
		4B48B0752C2EE91400266B78 /* MovieDetailsResponse.swift */ = {isa = PBXFileReference; lastKnownFileType = sourcecode.swift; path = MovieDetailsResponse.swift; sourceTree = "<group>"; };
		4B48B0772C2EEE9800266B78 /* MovieListResponse.swift */ = {isa = PBXFileReference; lastKnownFileType = sourcecode.swift; path = MovieListResponse.swift; sourceTree = "<group>"; };
		4B4F8F682C2BED7D007415F5 /* UIView.swift */ = {isa = PBXFileReference; lastKnownFileType = sourcecode.swift; path = UIView.swift; sourceTree = "<group>"; };
		4B4F8F6A2C2BEEDC007415F5 /* MovieListViewController.swift */ = {isa = PBXFileReference; lastKnownFileType = sourcecode.swift; path = MovieListViewController.swift; sourceTree = "<group>"; };
		4B4F8F6C2C2C0EC6007415F5 /* MovieListTableViewCell.swift */ = {isa = PBXFileReference; lastKnownFileType = sourcecode.swift; path = MovieListTableViewCell.swift; sourceTree = "<group>"; };
		4B5BF9B32C254014004370DE /* Movie23.app */ = {isa = PBXFileReference; explicitFileType = wrapper.application; includeInIndex = 0; path = Movie23.app; sourceTree = BUILT_PRODUCTS_DIR; };
		4B5BF9B62C254014004370DE /* AppDelegate.swift */ = {isa = PBXFileReference; lastKnownFileType = sourcecode.swift; path = AppDelegate.swift; sourceTree = "<group>"; };
		4B5BF9B82C254014004370DE /* SceneDelegate.swift */ = {isa = PBXFileReference; lastKnownFileType = sourcecode.swift; path = SceneDelegate.swift; sourceTree = "<group>"; };
		4B5BF9BF2C254015004370DE /* Assets.xcassets */ = {isa = PBXFileReference; lastKnownFileType = folder.assetcatalog; path = Assets.xcassets; sourceTree = "<group>"; };
		4B5BF9C22C254015004370DE /* Base */ = {isa = PBXFileReference; lastKnownFileType = file.storyboard; name = Base; path = Base.lproj/LaunchScreen.storyboard; sourceTree = "<group>"; };
		4B5BF9C42C254015004370DE /* Info.plist */ = {isa = PBXFileReference; lastKnownFileType = text.plist.xml; path = Info.plist; sourceTree = "<group>"; };
		4B5BF9CE2C2582FA004370DE /* GoogleService-Info.plist */ = {isa = PBXFileReference; fileEncoding = 4; lastKnownFileType = text.plist.xml; path = "GoogleService-Info.plist"; sourceTree = "<group>"; };
		4B5BF9D62C258843004370DE /* User.swift */ = {isa = PBXFileReference; lastKnownFileType = sourcecode.swift; path = User.swift; sourceTree = "<group>"; };
		4B5BF9DA2C258937004370DE /* Cast.swift */ = {isa = PBXFileReference; lastKnownFileType = sourcecode.swift; path = Cast.swift; sourceTree = "<group>"; };
		4B69D7E32C2A90D40009D357 /* MoviePosterView.swift */ = {isa = PBXFileReference; lastKnownFileType = sourcecode.swift; path = MoviePosterView.swift; sourceTree = "<group>"; };
		4B69D7E52C2A9B6C0009D357 /* TopMovieViewController.swift */ = {isa = PBXFileReference; lastKnownFileType = sourcecode.swift; path = TopMovieViewController.swift; sourceTree = "<group>"; };
		4B893F1B2C294000004720C4 /* CustomTextField.swift */ = {isa = PBXFileReference; lastKnownFileType = sourcecode.swift; path = CustomTextField.swift; sourceTree = "<group>"; };
		4B893F1D2C29409D004720C4 /* CustomButton.swift */ = {isa = PBXFileReference; lastKnownFileType = sourcecode.swift; path = CustomButton.swift; sourceTree = "<group>"; };
		4B893F222C294436004720C4 /* LoginViewController.swift */ = {isa = PBXFileReference; lastKnownFileType = sourcecode.swift; path = LoginViewController.swift; sourceTree = "<group>"; };
		4B893F242C294748004720C4 /* HeaderView.swift */ = {isa = PBXFileReference; lastKnownFileType = sourcecode.swift; path = HeaderView.swift; sourceTree = "<group>"; };
		4B893F262C29675E004720C4 /* RegisterViewController.swift */ = {isa = PBXFileReference; lastKnownFileType = sourcecode.swift; path = RegisterViewController.swift; sourceTree = "<group>"; };
		4B893F282C296CD7004720C4 /* HomeViewController.swift */ = {isa = PBXFileReference; lastKnownFileType = sourcecode.swift; path = HomeViewController.swift; sourceTree = "<group>"; };
		4B893F2B2C2976FD004720C4 /* AlertManager.swift */ = {isa = PBXFileReference; lastKnownFileType = sourcecode.swift; path = AlertManager.swift; sourceTree = "<group>"; };
		4B893F2D2C297F93004720C4 /* AuthenticationManager.swift */ = {isa = PBXFileReference; lastKnownFileType = sourcecode.swift; path = AuthenticationManager.swift; sourceTree = "<group>"; };
		4BAACE0F2C2D5E4300832C34 /* PaddedLabel.swift */ = {isa = PBXFileReference; lastKnownFileType = sourcecode.swift; path = PaddedLabel.swift; sourceTree = "<group>"; };
		4BAACE132C2D604700832C34 /* UIColor.swift */ = {isa = PBXFileReference; lastKnownFileType = sourcecode.swift; path = UIColor.swift; sourceTree = "<group>"; };
		4BAACE152C2D9D9B00832C34 /* MovieDetailsViewController.swift */ = {isa = PBXFileReference; lastKnownFileType = sourcecode.swift; path = MovieDetailsViewController.swift; sourceTree = "<group>"; };
/* End PBXFileReference section */

/* Begin PBXFrameworksBuildPhase section */
		4B5BF9B02C254014004370DE /* Frameworks */ = {
			isa = PBXFrameworksBuildPhase;
			buildActionMask = 2147483647;
			files = (
				4BB0C96C2C298A7900DAF725 /* FirebaseFirestoreSwift in Frameworks */,
				4B5BF9D42C258455004370DE /* FirebaseAnalyticsSwift in Frameworks */,
				4B5BF9E02C2595E6004370DE /* FirebaseFirestore in Frameworks */,
				4B5BF9DE2C2595D6004370DE /* FirebaseAuth in Frameworks */,
				4B5BF9D22C258455004370DE /* FirebaseAnalytics in Frameworks */,
			);
			runOnlyForDeploymentPostprocessing = 0;
		};
/* End PBXFrameworksBuildPhase section */

/* Begin PBXGroup section */
		4B48B05F2C2EE16000266B78 /* domain */ = {
			isa = PBXGroup;
			children = (
				4B48B0622C2EE19D00266B78 /* Repository */,
				4B5BF9D52C258831004370DE /* Model */,
			);
			path = domain;
			sourceTree = "<group>";
		};
		4B48B0602C2EE16900266B78 /* presentation */ = {
			isa = PBXGroup;
			children = (
				4B48B0642C2EE1F700266B78 /* feature */,
				4B48B0632C2EE1C900266B78 /* Common */,
			);
			path = presentation;
			sourceTree = "<group>";
		};
		4B48B0622C2EE19D00266B78 /* Repository */ = {
			isa = PBXGroup;
			children = (
			);
			path = Repository;
			sourceTree = "<group>";
		};
		4B48B0632C2EE1C900266B78 /* Common */ = {
			isa = PBXGroup;
			children = (
				4B893F242C294748004720C4 /* HeaderView.swift */,
				4B893F1D2C29409D004720C4 /* CustomButton.swift */,
				4B893F1B2C294000004720C4 /* CustomTextField.swift */,
				4B4F8F682C2BED7D007415F5 /* UIView.swift */,
				4BAACE0F2C2D5E4300832C34 /* PaddedLabel.swift */,
				4BAACE132C2D604700832C34 /* UIColor.swift */,
			);
			path = Common;
			sourceTree = "<group>";
		};
		4B48B0642C2EE1F700266B78 /* feature */ = {
			isa = PBXGroup;
			children = (
				4B48B0672C2EE29A00266B78 /* login */,
				4B48B0652C2EE20C00266B78 /* home */,
			);
			path = feature;
			sourceTree = "<group>";
		};
		4B48B0652C2EE20C00266B78 /* home */ = {
			isa = PBXGroup;
			children = (
				4B48B0682C2EE34C00266B78 /* movieDetails */,
				4B48B0662C2EE27100266B78 /* movieList */,
				4B893F282C296CD7004720C4 /* HomeViewController.swift */,
			);
			path = home;
			sourceTree = "<group>";
		};
		4B48B0662C2EE27100266B78 /* movieList */ = {
			isa = PBXGroup;
			children = (
				4B69D7E32C2A90D40009D357 /* MoviePosterView.swift */,
				4B4F8F6C2C2C0EC6007415F5 /* MovieListTableViewCell.swift */,
				4B4F8F6A2C2BEEDC007415F5 /* MovieListViewController.swift */,
				4B69D7E52C2A9B6C0009D357 /* TopMovieViewController.swift */,
			);
			path = movieList;
			sourceTree = "<group>";
		};
		4B48B0672C2EE29A00266B78 /* login */ = {
			isa = PBXGroup;
			children = (
				4B5BF9CB2C257FA8004370DE /* Authentication */,
				4B893F262C29675E004720C4 /* RegisterViewController.swift */,
				4B893F222C294436004720C4 /* LoginViewController.swift */,
			);
			path = login;
			sourceTree = "<group>";
		};
		4B48B0682C2EE34C00266B78 /* movieDetails */ = {
			isa = PBXGroup;
			children = (
				4BAACE152C2D9D9B00832C34 /* MovieDetailsViewController.swift */,
			);
			path = movieDetails;
			sourceTree = "<group>";
		};
		4B48B0692C2EE4FD00266B78 /* di */ = {
			isa = PBXGroup;
			children = (
				4B48B06B2C2EE53200266B78 /* DiContainer.swift */,
				4B48B06D2C2EE56E00266B78 /* DiModule.swift */,
			);
			path = di;
			sourceTree = "<group>";
		};
		4B48B0702C2EE61B00266B78 /* data */ = {
			isa = PBXGroup;
			children = (
				4B48B0712C2EE74800266B78 /* model */,
			);
			path = data;
			sourceTree = "<group>";
		};
		4B48B0712C2EE74800266B78 /* model */ = {
			isa = PBXGroup;
			children = (
				4B48B0722C2EE75F00266B78 /* response */,
			);
			path = model;
			sourceTree = "<group>";
		};
		4B48B0722C2EE75F00266B78 /* response */ = {
			isa = PBXGroup;
			children = (
				4B48B0732C2EE78B00266B78 /* BaseResponse.swift */,
				4B48B0752C2EE91400266B78 /* MovieDetailsResponse.swift */,
				4B48B0772C2EEE9800266B78 /* MovieListResponse.swift */,
			);
			path = response;
			sourceTree = "<group>";
		};
		4B5BF9AA2C254014004370DE = {
			isa = PBXGroup;
			children = (
				4B5BF9B52C254014004370DE /* Movie23 */,
				4B5BF9B42C254014004370DE /* Products */,
			);
			sourceTree = "<group>";
		};
		4B5BF9B42C254014004370DE /* Products */ = {
			isa = PBXGroup;
			children = (
				4B5BF9B32C254014004370DE /* Movie23.app */,
			);
			name = Products;
			sourceTree = "<group>";
		};
		4B5BF9B52C254014004370DE /* Movie23 */ = {
			isa = PBXGroup;
			children = (
				4B48B0702C2EE61B00266B78 /* data */,
				4B48B0692C2EE4FD00266B78 /* di */,
				4B48B0602C2EE16900266B78 /* presentation */,
				4B48B05F2C2EE16000266B78 /* domain */,
				4B893F2A2C2976E3004720C4 /* core */,
				4B893F182C293F44004720C4 /* base */,
				4B5BF9BF2C254015004370DE /* Assets.xcassets */,
				4B5BF9C12C254015004370DE /* LaunchScreen.storyboard */,
				4B5BF9C42C254015004370DE /* Info.plist */,
				4B5BF9CE2C2582FA004370DE /* GoogleService-Info.plist */,
			);
			path = Movie23;
			sourceTree = "<group>";
		};
		4B5BF9CB2C257FA8004370DE /* Authentication */ = {
			isa = PBXGroup;
			children = (
				4B893F2D2C297F93004720C4 /* AuthenticationManager.swift */,
			);
			path = Authentication;
			sourceTree = "<group>";
		};
		4B5BF9D52C258831004370DE /* Model */ = {
			isa = PBXGroup;
			children = (
				4B5BF9D62C258843004370DE /* User.swift */,
				4B5BF9DA2C258937004370DE /* Cast.swift */,
			);
			path = Model;
			sourceTree = "<group>";
		};
		4B893F182C293F44004720C4 /* base */ = {
			isa = PBXGroup;
			children = (
				4B5BF9B62C254014004370DE /* AppDelegate.swift */,
				4B5BF9B82C254014004370DE /* SceneDelegate.swift */,
			);
			path = base;
			sourceTree = "<group>";
		};
		4B893F2A2C2976E3004720C4 /* core */ = {
			isa = PBXGroup;
			children = (
				4B893F2B2C2976FD004720C4 /* AlertManager.swift */,
			);
			path = core;
			sourceTree = "<group>";
		};
/* End PBXGroup section */

/* Begin PBXNativeTarget section */
		4B5BF9B22C254014004370DE /* Movie23 */ = {
			isa = PBXNativeTarget;
			buildConfigurationList = 4B5BF9C72C254015004370DE /* Build configuration list for PBXNativeTarget "Movie23" */;
			buildPhases = (
				4B5BF9AF2C254014004370DE /* Sources */,
				4B5BF9B02C254014004370DE /* Frameworks */,
				4B5BF9B12C254014004370DE /* Resources */,
			);
			buildRules = (
			);
			dependencies = (
			);
			name = Movie23;
			packageProductDependencies = (
				4B5BF9D12C258455004370DE /* FirebaseAnalytics */,
				4B5BF9D32C258455004370DE /* FirebaseAnalyticsSwift */,
				4B5BF9DD2C2595D6004370DE /* FirebaseAuth */,
				4B5BF9DF2C2595E6004370DE /* FirebaseFirestore */,
				4BB0C96B2C298A7900DAF725 /* FirebaseFirestoreSwift */,
			);
			productName = Movie23;
			productReference = 4B5BF9B32C254014004370DE /* Movie23.app */;
			productType = "com.apple.product-type.application";
		};
/* End PBXNativeTarget section */

/* Begin PBXProject section */
		4B5BF9AB2C254014004370DE /* Project object */ = {
			isa = PBXProject;
			attributes = {
				BuildIndependentTargetsInParallel = 1;
				LastSwiftUpdateCheck = 1540;
				LastUpgradeCheck = 1540;
				TargetAttributes = {
					4B5BF9B22C254014004370DE = {
						CreatedOnToolsVersion = 15.4;
					};
				};
			};
			buildConfigurationList = 4B5BF9AE2C254014004370DE /* Build configuration list for PBXProject "Movie23" */;
			compatibilityVersion = "Xcode 14.0";
			developmentRegion = en;
			hasScannedForEncodings = 0;
			knownRegions = (
				en,
				Base,
			);
			mainGroup = 4B5BF9AA2C254014004370DE;
			packageReferences = (
				4B5BF9D02C258455004370DE /* XCRemoteSwiftPackageReference "firebase-ios-sdk" */,
			);
			productRefGroup = 4B5BF9B42C254014004370DE /* Products */;
			projectDirPath = "";
			projectRoot = "";
			targets = (
				4B5BF9B22C254014004370DE /* Movie23 */,
			);
		};
/* End PBXProject section */

/* Begin PBXResourcesBuildPhase section */
		4B5BF9B12C254014004370DE /* Resources */ = {
			isa = PBXResourcesBuildPhase;
			buildActionMask = 2147483647;
			files = (
				4B5BF9CF2C2582FA004370DE /* GoogleService-Info.plist in Resources */,
				4B5BF9C02C254015004370DE /* Assets.xcassets in Resources */,
				4B5BF9C32C254015004370DE /* Base in Resources */,
			);
			runOnlyForDeploymentPostprocessing = 0;
		};
/* End PBXResourcesBuildPhase section */

/* Begin PBXSourcesBuildPhase section */
		4B5BF9AF2C254014004370DE /* Sources */ = {
			isa = PBXSourcesBuildPhase;
			buildActionMask = 2147483647;
			files = (
				4B893F232C294436004720C4 /* LoginViewController.swift in Sources */,
				4B893F272C29675E004720C4 /* RegisterViewController.swift in Sources */,
				4B5BF9B72C254014004370DE /* AppDelegate.swift in Sources */,
				4B69D7E42C2A90D40009D357 /* MoviePosterView.swift in Sources */,
				4B893F1E2C29409D004720C4 /* CustomButton.swift in Sources */,
				4B893F2C2C2976FD004720C4 /* AlertManager.swift in Sources */,
				4BAACE142C2D604700832C34 /* UIColor.swift in Sources */,
				4B5BF9DB2C258937004370DE /* Cast.swift in Sources */,
				4B893F252C294748004720C4 /* HeaderView.swift in Sources */,
				4B69D7E62C2A9B6C0009D357 /* TopMovieViewController.swift in Sources */,
				4B48B0762C2EE91400266B78 /* MovieDetailsResponse.swift in Sources */,
				4B893F2E2C297F93004720C4 /* AuthenticationManager.swift in Sources */,
				4B893F1C2C294000004720C4 /* CustomTextField.swift in Sources */,
				4B48B0782C2EEE9800266B78 /* MovieListResponse.swift in Sources */,
				4B4F8F692C2BED7D007415F5 /* UIView.swift in Sources */,
				4B48B06C2C2EE53200266B78 /* DiContainer.swift in Sources */,
				4B48B0742C2EE78B00266B78 /* BaseResponse.swift in Sources */,
				4B5BF9D72C258843004370DE /* User.swift in Sources */,
				4BAACE162C2D9D9B00832C34 /* MovieDetailsViewController.swift in Sources */,
				4B4F8F6B2C2BEEDC007415F5 /* MovieListViewController.swift in Sources */,
				4B5BF9B92C254014004370DE /* SceneDelegate.swift in Sources */,
				4B48B06E2C2EE56E00266B78 /* DiModule.swift in Sources */,
				4B893F292C296CD7004720C4 /* HomeViewController.swift in Sources */,
				4BAACE102C2D5E4300832C34 /* PaddedLabel.swift in Sources */,
				4B4F8F6D2C2C0EC6007415F5 /* MovieListTableViewCell.swift in Sources */,
			);
			runOnlyForDeploymentPostprocessing = 0;
		};
/* End PBXSourcesBuildPhase section */

/* Begin PBXVariantGroup section */
		4B5BF9C12C254015004370DE /* LaunchScreen.storyboard */ = {
			isa = PBXVariantGroup;
			children = (
				4B5BF9C22C254015004370DE /* Base */,
			);
			name = LaunchScreen.storyboard;
			sourceTree = "<group>";
		};
/* End PBXVariantGroup section */

/* Begin XCBuildConfiguration section */
		4B5BF9C52C254015004370DE /* Debug */ = {
			isa = XCBuildConfiguration;
			buildSettings = {
				ALWAYS_SEARCH_USER_PATHS = NO;
				ASSETCATALOG_COMPILER_GENERATE_SWIFT_ASSET_SYMBOL_EXTENSIONS = YES;
				CLANG_ANALYZER_NONNULL = YES;
				CLANG_ANALYZER_NUMBER_OBJECT_CONVERSION = YES_AGGRESSIVE;
				CLANG_CXX_LANGUAGE_STANDARD = "gnu++20";
				CLANG_ENABLE_MODULES = YES;
				CLANG_ENABLE_OBJC_ARC = YES;
				CLANG_ENABLE_OBJC_WEAK = YES;
				CLANG_WARN_BLOCK_CAPTURE_AUTORELEASING = YES;
				CLANG_WARN_BOOL_CONVERSION = YES;
				CLANG_WARN_COMMA = YES;
				CLANG_WARN_CONSTANT_CONVERSION = YES;
				CLANG_WARN_DEPRECATED_OBJC_IMPLEMENTATIONS = YES;
				CLANG_WARN_DIRECT_OBJC_ISA_USAGE = YES_ERROR;
				CLANG_WARN_DOCUMENTATION_COMMENTS = YES;
				CLANG_WARN_EMPTY_BODY = YES;
				CLANG_WARN_ENUM_CONVERSION = YES;
				CLANG_WARN_INFINITE_RECURSION = YES;
				CLANG_WARN_INT_CONVERSION = YES;
				CLANG_WARN_NON_LITERAL_NULL_CONVERSION = YES;
				CLANG_WARN_OBJC_IMPLICIT_RETAIN_SELF = YES;
				CLANG_WARN_OBJC_LITERAL_CONVERSION = YES;
				CLANG_WARN_OBJC_ROOT_CLASS = YES_ERROR;
				CLANG_WARN_QUOTED_INCLUDE_IN_FRAMEWORK_HEADER = YES;
				CLANG_WARN_RANGE_LOOP_ANALYSIS = YES;
				CLANG_WARN_STRICT_PROTOTYPES = YES;
				CLANG_WARN_SUSPICIOUS_MOVE = YES;
				CLANG_WARN_UNGUARDED_AVAILABILITY = YES_AGGRESSIVE;
				CLANG_WARN_UNREACHABLE_CODE = YES;
				CLANG_WARN__DUPLICATE_METHOD_MATCH = YES;
				COPY_PHASE_STRIP = NO;
				DEBUG_INFORMATION_FORMAT = dwarf;
				ENABLE_STRICT_OBJC_MSGSEND = YES;
				ENABLE_TESTABILITY = YES;
				ENABLE_USER_SCRIPT_SANDBOXING = YES;
				GCC_C_LANGUAGE_STANDARD = gnu17;
				GCC_DYNAMIC_NO_PIC = NO;
				GCC_NO_COMMON_BLOCKS = YES;
				GCC_OPTIMIZATION_LEVEL = 0;
				GCC_PREPROCESSOR_DEFINITIONS = (
					"DEBUG=1",
					"$(inherited)",
				);
				GCC_WARN_64_TO_32_BIT_CONVERSION = YES;
				GCC_WARN_ABOUT_RETURN_TYPE = YES_ERROR;
				GCC_WARN_UNDECLARED_SELECTOR = YES;
				GCC_WARN_UNINITIALIZED_AUTOS = YES_AGGRESSIVE;
				GCC_WARN_UNUSED_FUNCTION = YES;
				GCC_WARN_UNUSED_VARIABLE = YES;
				IPHONEOS_DEPLOYMENT_TARGET = 17.5;
				LOCALIZATION_PREFERS_STRING_CATALOGS = YES;
				MTL_ENABLE_DEBUG_INFO = INCLUDE_SOURCE;
				MTL_FAST_MATH = YES;
				ONLY_ACTIVE_ARCH = YES;
				SDKROOT = iphoneos;
				SWIFT_ACTIVE_COMPILATION_CONDITIONS = "DEBUG $(inherited)";
				SWIFT_OPTIMIZATION_LEVEL = "-Onone";
			};
			name = Debug;
		};
		4B5BF9C62C254015004370DE /* Release */ = {
			isa = XCBuildConfiguration;
			buildSettings = {
				ALWAYS_SEARCH_USER_PATHS = NO;
				ASSETCATALOG_COMPILER_GENERATE_SWIFT_ASSET_SYMBOL_EXTENSIONS = YES;
				CLANG_ANALYZER_NONNULL = YES;
				CLANG_ANALYZER_NUMBER_OBJECT_CONVERSION = YES_AGGRESSIVE;
				CLANG_CXX_LANGUAGE_STANDARD = "gnu++20";
				CLANG_ENABLE_MODULES = YES;
				CLANG_ENABLE_OBJC_ARC = YES;
				CLANG_ENABLE_OBJC_WEAK = YES;
				CLANG_WARN_BLOCK_CAPTURE_AUTORELEASING = YES;
				CLANG_WARN_BOOL_CONVERSION = YES;
				CLANG_WARN_COMMA = YES;
				CLANG_WARN_CONSTANT_CONVERSION = YES;
				CLANG_WARN_DEPRECATED_OBJC_IMPLEMENTATIONS = YES;
				CLANG_WARN_DIRECT_OBJC_ISA_USAGE = YES_ERROR;
				CLANG_WARN_DOCUMENTATION_COMMENTS = YES;
				CLANG_WARN_EMPTY_BODY = YES;
				CLANG_WARN_ENUM_CONVERSION = YES;
				CLANG_WARN_INFINITE_RECURSION = YES;
				CLANG_WARN_INT_CONVERSION = YES;
				CLANG_WARN_NON_LITERAL_NULL_CONVERSION = YES;
				CLANG_WARN_OBJC_IMPLICIT_RETAIN_SELF = YES;
				CLANG_WARN_OBJC_LITERAL_CONVERSION = YES;
				CLANG_WARN_OBJC_ROOT_CLASS = YES_ERROR;
				CLANG_WARN_QUOTED_INCLUDE_IN_FRAMEWORK_HEADER = YES;
				CLANG_WARN_RANGE_LOOP_ANALYSIS = YES;
				CLANG_WARN_STRICT_PROTOTYPES = YES;
				CLANG_WARN_SUSPICIOUS_MOVE = YES;
				CLANG_WARN_UNGUARDED_AVAILABILITY = YES_AGGRESSIVE;
				CLANG_WARN_UNREACHABLE_CODE = YES;
				CLANG_WARN__DUPLICATE_METHOD_MATCH = YES;
				COPY_PHASE_STRIP = NO;
				DEBUG_INFORMATION_FORMAT = "dwarf-with-dsym";
				ENABLE_NS_ASSERTIONS = NO;
				ENABLE_STRICT_OBJC_MSGSEND = YES;
				ENABLE_USER_SCRIPT_SANDBOXING = YES;
				GCC_C_LANGUAGE_STANDARD = gnu17;
				GCC_NO_COMMON_BLOCKS = YES;
				GCC_WARN_64_TO_32_BIT_CONVERSION = YES;
				GCC_WARN_ABOUT_RETURN_TYPE = YES_ERROR;
				GCC_WARN_UNDECLARED_SELECTOR = YES;
				GCC_WARN_UNINITIALIZED_AUTOS = YES_AGGRESSIVE;
				GCC_WARN_UNUSED_FUNCTION = YES;
				GCC_WARN_UNUSED_VARIABLE = YES;
				IPHONEOS_DEPLOYMENT_TARGET = 17.5;
				LOCALIZATION_PREFERS_STRING_CATALOGS = YES;
				MTL_ENABLE_DEBUG_INFO = NO;
				MTL_FAST_MATH = YES;
				SDKROOT = iphoneos;
				SWIFT_COMPILATION_MODE = wholemodule;
				VALIDATE_PRODUCT = YES;
			};
			name = Release;
		};
		4B5BF9C82C254015004370DE /* Debug */ = {
			isa = XCBuildConfiguration;
			buildSettings = {
				ASSETCATALOG_COMPILER_APPICON_NAME = AppIcon;
				ASSETCATALOG_COMPILER_GLOBAL_ACCENT_COLOR_NAME = AccentColor;
				CODE_SIGN_STYLE = Automatic;
				CURRENT_PROJECT_VERSION = 1;
				GENERATE_INFOPLIST_FILE = YES;
				INFOPLIST_FILE = Movie23/Info.plist;
				INFOPLIST_KEY_UIApplicationSupportsIndirectInputEvents = YES;
				INFOPLIST_KEY_UILaunchStoryboardName = LaunchScreen;
				INFOPLIST_KEY_UISupportedInterfaceOrientations_iPad = "UIInterfaceOrientationPortrait UIInterfaceOrientationPortraitUpsideDown UIInterfaceOrientationLandscapeLeft UIInterfaceOrientationLandscapeRight";
				INFOPLIST_KEY_UISupportedInterfaceOrientations_iPhone = "UIInterfaceOrientationPortrait UIInterfaceOrientationLandscapeLeft UIInterfaceOrientationLandscapeRight";
				IPHONEOS_DEPLOYMENT_TARGET = 15.0;
				LD_RUNPATH_SEARCH_PATHS = (
					"$(inherited)",
					"@executable_path/Frameworks",
				);
				MARKETING_VERSION = 1.0;
				PRODUCT_BUNDLE_IDENTIFIER = me.fairuz.ahmed.Movie23;
				PRODUCT_NAME = "$(TARGET_NAME)";
				SWIFT_EMIT_LOC_STRINGS = YES;
				SWIFT_VERSION = 5.0;
				TARGETED_DEVICE_FAMILY = "1,2";
			};
			name = Debug;
		};
		4B5BF9C92C254015004370DE /* Release */ = {
			isa = XCBuildConfiguration;
			buildSettings = {
				ASSETCATALOG_COMPILER_APPICON_NAME = AppIcon;
				ASSETCATALOG_COMPILER_GLOBAL_ACCENT_COLOR_NAME = AccentColor;
				CODE_SIGN_STYLE = Automatic;
				CURRENT_PROJECT_VERSION = 1;
				GENERATE_INFOPLIST_FILE = YES;
				INFOPLIST_FILE = Movie23/Info.plist;
				INFOPLIST_KEY_UIApplicationSupportsIndirectInputEvents = YES;
				INFOPLIST_KEY_UILaunchStoryboardName = LaunchScreen;
				INFOPLIST_KEY_UISupportedInterfaceOrientations_iPad = "UIInterfaceOrientationPortrait UIInterfaceOrientationPortraitUpsideDown UIInterfaceOrientationLandscapeLeft UIInterfaceOrientationLandscapeRight";
				INFOPLIST_KEY_UISupportedInterfaceOrientations_iPhone = "UIInterfaceOrientationPortrait UIInterfaceOrientationLandscapeLeft UIInterfaceOrientationLandscapeRight";
				IPHONEOS_DEPLOYMENT_TARGET = 15.0;
				LD_RUNPATH_SEARCH_PATHS = (
					"$(inherited)",
					"@executable_path/Frameworks",
				);
				MARKETING_VERSION = 1.0;
				PRODUCT_BUNDLE_IDENTIFIER = me.fairuz.ahmed.Movie23;
				PRODUCT_NAME = "$(TARGET_NAME)";
				SWIFT_EMIT_LOC_STRINGS = YES;
				SWIFT_VERSION = 5.0;
				TARGETED_DEVICE_FAMILY = "1,2";
			};
			name = Release;
		};
/* End XCBuildConfiguration section */

/* Begin XCConfigurationList section */
		4B5BF9AE2C254014004370DE /* Build configuration list for PBXProject "Movie23" */ = {
			isa = XCConfigurationList;
			buildConfigurations = (
				4B5BF9C52C254015004370DE /* Debug */,
				4B5BF9C62C254015004370DE /* Release */,
			);
			defaultConfigurationIsVisible = 0;
			defaultConfigurationName = Release;
		};
		4B5BF9C72C254015004370DE /* Build configuration list for PBXNativeTarget "Movie23" */ = {
			isa = XCConfigurationList;
			buildConfigurations = (
				4B5BF9C82C254015004370DE /* Debug */,
				4B5BF9C92C254015004370DE /* Release */,
			);
			defaultConfigurationIsVisible = 0;
			defaultConfigurationName = Release;
		};
/* End XCConfigurationList section */

/* Begin XCRemoteSwiftPackageReference section */
		4B5BF9D02C258455004370DE /* XCRemoteSwiftPackageReference "firebase-ios-sdk" */ = {
			isa = XCRemoteSwiftPackageReference;
			repositoryURL = "https://github.com/firebase/firebase-ios-sdk.git";
			requirement = {
				kind = upToNextMajorVersion;
				minimumVersion = 10.28.0;
			};
		};
/* End XCRemoteSwiftPackageReference section */

/* Begin XCSwiftPackageProductDependency section */
		4B5BF9D12C258455004370DE /* FirebaseAnalytics */ = {
			isa = XCSwiftPackageProductDependency;
			package = 4B5BF9D02C258455004370DE /* XCRemoteSwiftPackageReference "firebase-ios-sdk" */;
			productName = FirebaseAnalytics;
		};
		4B5BF9D32C258455004370DE /* FirebaseAnalyticsSwift */ = {
			isa = XCSwiftPackageProductDependency;
			package = 4B5BF9D02C258455004370DE /* XCRemoteSwiftPackageReference "firebase-ios-sdk" */;
			productName = FirebaseAnalyticsSwift;
		};
		4B5BF9DD2C2595D6004370DE /* FirebaseAuth */ = {
			isa = XCSwiftPackageProductDependency;
			package = 4B5BF9D02C258455004370DE /* XCRemoteSwiftPackageReference "firebase-ios-sdk" */;
			productName = FirebaseAuth;
		};
		4B5BF9DF2C2595E6004370DE /* FirebaseFirestore */ = {
			isa = XCSwiftPackageProductDependency;
			package = 4B5BF9D02C258455004370DE /* XCRemoteSwiftPackageReference "firebase-ios-sdk" */;
			productName = FirebaseFirestore;
		};
		4BB0C96B2C298A7900DAF725 /* FirebaseFirestoreSwift */ = {
			isa = XCSwiftPackageProductDependency;
			package = 4B5BF9D02C258455004370DE /* XCRemoteSwiftPackageReference "firebase-ios-sdk" */;
			productName = FirebaseFirestoreSwift;
		};
/* End XCSwiftPackageProductDependency section */
	};
	rootObject = 4B5BF9AB2C254014004370DE /* Project object */;
}
